Microsoft Visual Studio Solution File, Format Version 12.00
# Visual Studio Version 17
VisualStudioVersion = 17.5.2.0
MinimumVisualStudioVersion = 10.0.40219.1
Project("{FAE04EC0-301F-11D3-BF4B-00C04F79EFBC}") = "casopractico3", "casopractico3.csproj", "{73836BA3-28AA-AFC6-A8A4-3E92F751766F}"
EndProject
Global
	GlobalSection(SolutionConfigurationPlatforms) = preSolution
		Debug|Any CPU = Debug|Any CPU
		Release|Any CPU = Release|Any CPU
	EndGlobalSection
	GlobalSection(ProjectConfigurationPlatforms) = postSolution
		{73836BA3-28AA-AFC6-A8A4-3E92F751766F}.Debug|Any CPU.ActiveCfg = Debug|Any CPU
		{73836BA3-28AA-AFC6-A8A4-3E92F751766F}.Debug|Any CPU.Build.0 = Debug|Any CPU
		{73836BA3-28AA-AFC6-A8A4-3E92F751766F}.Release|Any CPU.ActiveCfg = Release|Any CPU
		{73836BA3-28AA-AFC6-A8A4-3E92F751766F}.Release|Any CPU.Build.0 = Release|Any CPU
	EndGlobalSection
	GlobalSection(SolutionProperties) = preSolution
		HideSolutionNode = FALSE
	EndGlobalSection
	GlobalSection(ExtensibilityGlobals) = postSolution
		SolutionGuid = {FD747B05-E631-44F0-A6C2-EB2F95879C2A}
	EndGlobalSection
EndGlobal
