Microsoft Visual Studio Solution File, Format Version 12.00
# Visual Studio Version 17
VisualStudioVersion = 17.5.2.0
MinimumVisualStudioVersion = 10.0.40219.1
Project("{FAE04EC0-301F-11D3-BF4B-00C04F79EFBC}") = "casopractico2", "casopractico2.csproj", "{03947AA5-1AD1-D935-D0BD-15C5B228E3AB}"
EndProject
Global
	GlobalSection(SolutionConfigurationPlatforms) = preSolution
		Debug|Any CPU = Debug|Any CPU
		Release|Any CPU = Release|Any CPU
	EndGlobalSection
	GlobalSection(ProjectConfigurationPlatforms) = postSolution
		{03947AA5-1AD1-D935-D0BD-15C5B228E3AB}.Debug|Any CPU.ActiveCfg = Debug|Any CPU
		{03947AA5-1AD1-D935-D0BD-15C5B228E3AB}.Debug|Any CPU.Build.0 = Debug|Any CPU
		{03947AA5-1AD1-D935-D0BD-15C5B228E3AB}.Release|Any CPU.ActiveCfg = Release|Any CPU
		{03947AA5-1AD1-D935-D0BD-15C5B228E3AB}.Release|Any CPU.Build.0 = Release|Any CPU
	EndGlobalSection
	GlobalSection(SolutionProperties) = preSolution
		HideSolutionNode = FALSE
	EndGlobalSection
	GlobalSection(ExtensibilityGlobals) = postSolution
		SolutionGuid = {FCB30794-DB16-478A-BC1C-0F5559460D30}
	EndGlobalSection
EndGlobal
